
Microsoft Visual Studio Solution File, Format Version 12.00
# Visual Studio 2013
VisualStudioVersion = 12.0.30501.0
MinimumVisualStudioVersion = 10.0.40219.1
Project("{FAE04EC0-301F-11D3-BF4B-00C04F79EFBC}") = "CodeKatas", "CodeKatas\CodeKatas.csproj", "{BDDAE435-8CCC-4D2F-91D5-603EF76776FC}"
EndProject
Project("{FAE04EC0-301F-11D3-BF4B-00C04F79EFBC}") = "CodeKatas.Tests", "CodeKatas.Tests\CodeKatas.Tests.csproj", "{2FA4E9D2-0E43-4793-9DF4-6F59DFF01654}"
EndProject
Global
	GlobalSection(SolutionConfigurationPlatforms) = preSolution
		Debug|Any CPU = Debug|Any CPU
		Release|Any CPU = Release|Any CPU
	EndGlobalSection
	GlobalSection(ProjectConfigurationPlatforms) = postSolution
		{BDDAE435-8CCC-4D2F-91D5-603EF76776FC}.Debug|Any CPU.ActiveCfg = Debug|Any CPU
		{BDDAE435-8CCC-4D2F-91D5-603EF76776FC}.Debug|Any CPU.Build.0 = Debug|Any CPU
		{BDDAE435-8CCC-4D2F-91D5-603EF76776FC}.Release|Any CPU.ActiveCfg = Release|Any CPU
		{BDDAE435-8CCC-4D2F-91D5-603EF76776FC}.Release|Any CPU.Build.0 = Release|Any CPU
		{2FA4E9D2-0E43-4793-9DF4-6F59DFF01654}.Debug|Any CPU.ActiveCfg = Debug|Any CPU
		{2FA4E9D2-0E43-4793-9DF4-6F59DFF01654}.Debug|Any CPU.Build.0 = Debug|Any CPU
		{2FA4E9D2-0E43-4793-9DF4-6F59DFF01654}.Release|Any CPU.ActiveCfg = Release|Any CPU
		{2FA4E9D2-0E43-4793-9DF4-6F59DFF01654}.Release|Any CPU.Build.0 = Release|Any CPU
	EndGlobalSection
	GlobalSection(SolutionProperties) = preSolution
		HideSolutionNode = FALSE
	EndGlobalSection
EndGlobal
